
Microsoft Visual Studio Solution File, Format Version 12.00
# Visual Studio Version 17
VisualStudioVersion = 17.4.33213.308
MinimumVisualStudioVersion = 10.0.40219.1
Project("{FAE04EC0-301F-11D3-BF4B-00C04F79EFBC}") = "VKMusicPlayer", "VKMusicPlayer\VKMusicPlayer.csproj", "{BB749F6F-03D1-41BD-A6E9-20F071ADAC36}"
EndProject
Global
	GlobalSection(SolutionConfigurationPlatforms) = preSolution
		Debug|Any CPU = Debug|Any CPU
		Release|Any CPU = Release|Any CPU
	EndGlobalSection
	GlobalSection(ProjectConfigurationPlatforms) = postSolution
		{BB749F6F-03D1-41BD-A6E9-20F071ADAC36}.Debug|Any CPU.ActiveCfg = Debug|Any CPU
		{BB749F6F-03D1-41BD-A6E9-20F071ADAC36}.Debug|Any CPU.Build.0 = Debug|Any CPU
		{BB749F6F-03D1-41BD-A6E9-20F071ADAC36}.Release|Any CPU.ActiveCfg = Release|Any CPU
		{BB749F6F-03D1-41BD-A6E9-20F071ADAC36}.Release|Any CPU.Build.0 = Release|Any CPU
	EndGlobalSection
	GlobalSection(SolutionProperties) = preSolution
		HideSolutionNode = FALSE
	EndGlobalSection
	GlobalSection(ExtensibilityGlobals) = postSolution
		SolutionGuid = {39409B00-1DC3-4189-B52B-49B7B6628D09}
	EndGlobalSection
EndGlobal
